{
  "name": "npcgen",
  "version": "1.0.0",
  "lockfileVersion": 3,
  "requires": true,
  "packages": {
    "": {
      "name": "npcgen",
      "version": "1.0.0",
      "license": "ISC",
      "dependencies": {
        "npc-generator": "^1.0.2"
      }
    },
    "node_modules/npc-generator": {
      "version": "1.0.2",
      "resolved": "https://registry.npmjs.org/npc-generator/-/npc-generator-1.0.2.tgz",
      "integrity": "sha512-ltgE3FsrN5IjWxiTet9N24a+sVfup97yu5hTEdeRZb3yHi9t2aKVLHssPgNS+vKkEd91W491gYM/BgpQpGv0OQ=="
    }
  }
}
